
Microsoft Visual Studio Solution File, Format Version 12.00
# Visual Studio Version 17
VisualStudioVersion = 17.6.33712.159
MinimumVisualStudioVersion = 10.0.40219.1
Project("{FAE04EC0-301F-11D3-BF4B-00C04F79EFBC}") = "EmenuProj", "EmenuProj\EmenuProj.csproj", "{190DD249-C620-4410-B86B-80CA9C269D98}"
EndProject
Project("{FAE04EC0-301F-11D3-BF4B-00C04F79EFBC}") = "EmenuDAL", "EmenuDAL\EmenuDAL.csproj", "{958E340F-51E6-4023-9423-5E59994724C5}"
EndProject
Project("{FAE04EC0-301F-11D3-BF4B-00C04F79EFBC}") = "EmenuBLL", "EmenuBLL\EmenuBLL.csproj", "{604673B9-FF25-4D07-9359-CEDD5EC504A4}"
EndProject
Global
	GlobalSection(SolutionConfigurationPlatforms) = preSolution
		Debug|Any CPU = Debug|Any CPU
		Release|Any CPU = Release|Any CPU
	EndGlobalSection
	GlobalSection(ProjectConfigurationPlatforms) = postSolution
		{190DD249-C620-4410-B86B-80CA9C269D98}.Debug|Any CPU.ActiveCfg = Debug|Any CPU
		{190DD249-C620-4410-B86B-80CA9C269D98}.Debug|Any CPU.Build.0 = Debug|Any CPU
		{190DD249-C620-4410-B86B-80CA9C269D98}.Release|Any CPU.ActiveCfg = Release|Any CPU
		{190DD249-C620-4410-B86B-80CA9C269D98}.Release|Any CPU.Build.0 = Release|Any CPU
		{958E340F-51E6-4023-9423-5E59994724C5}.Debug|Any CPU.ActiveCfg = Debug|Any CPU
		{958E340F-51E6-4023-9423-5E59994724C5}.Debug|Any CPU.Build.0 = Debug|Any CPU
		{958E340F-51E6-4023-9423-5E59994724C5}.Release|Any CPU.ActiveCfg = Release|Any CPU
		{958E340F-51E6-4023-9423-5E59994724C5}.Release|Any CPU.Build.0 = Release|Any CPU
		{604673B9-FF25-4D07-9359-CEDD5EC504A4}.Debug|Any CPU.ActiveCfg = Debug|Any CPU
		{604673B9-FF25-4D07-9359-CEDD5EC504A4}.Debug|Any CPU.Build.0 = Debug|Any CPU
		{604673B9-FF25-4D07-9359-CEDD5EC504A4}.Release|Any CPU.ActiveCfg = Release|Any CPU
		{604673B9-FF25-4D07-9359-CEDD5EC504A4}.Release|Any CPU.Build.0 = Release|Any CPU
	EndGlobalSection
	GlobalSection(SolutionProperties) = preSolution
		HideSolutionNode = FALSE
	EndGlobalSection
	GlobalSection(ExtensibilityGlobals) = postSolution
		SolutionGuid = {39B8F6D6-8FB1-4B2B-899E-EC57D241B43B}
	EndGlobalSection
EndGlobal
